
Microsoft Visual Studio Solution File, Format Version 12.00
# Visual Studio Version 17
VisualStudioVersion = 17.9.34728.123
MinimumVisualStudioVersion = 10.0.40219.1
Project("{FAE04EC0-301F-11D3-BF4B-00C04F79EFBC}") = "interfaz", "interfaz\interfaz.csproj", "{DD1EE2E7-64FA-42C1-A3AE-CAF607DF7844}"
EndProject
Global
	GlobalSection(SolutionConfigurationPlatforms) = preSolution
		Debug|Any CPU = Debug|Any CPU
		Release|Any CPU = Release|Any CPU
	EndGlobalSection
	GlobalSection(ProjectConfigurationPlatforms) = postSolution
		{DD1EE2E7-64FA-42C1-A3AE-CAF607DF7844}.Debug|Any CPU.ActiveCfg = Debug|Any CPU
		{DD1EE2E7-64FA-42C1-A3AE-CAF607DF7844}.Debug|Any CPU.Build.0 = Debug|Any CPU
		{DD1EE2E7-64FA-42C1-A3AE-CAF607DF7844}.Release|Any CPU.ActiveCfg = Release|Any CPU
		{DD1EE2E7-64FA-42C1-A3AE-CAF607DF7844}.Release|Any CPU.Build.0 = Release|Any CPU
	EndGlobalSection
	GlobalSection(SolutionProperties) = preSolution
		HideSolutionNode = FALSE
	EndGlobalSection
	GlobalSection(ExtensibilityGlobals) = postSolution
		SolutionGuid = {BA87839F-2835-4374-A613-31F6C81618F4}
	EndGlobalSection
EndGlobal
